
Microsoft Visual Studio Solution File, Format Version 12.00
# Visual Studio Version 17
VisualStudioVersion = 17.9.34616.47
MinimumVisualStudioVersion = 10.0.40219.1
Project("{8BC9CEB8-8B4A-11D0-8D11-00A0C91BC942}") = "ParadigmaOOP1_0187", "ParadigmaOOP1_0187.vcxproj", "{E42F58D6-E97C-489A-A149-8800823345B5}"
EndProject
Project("{8BC9CEB8-8B4A-11D0-8D11-00A0C91BC942}") = "ParadigmaOOP1_0187(2)", "ParadigmaOOP1_0187(2)\ParadigmaOOP1_0187(2).vcxproj", "{087B585E-794A-41E2-88B7-C84F9E21A982}"
EndProject
Project("{8BC9CEB8-8B4A-11D0-8D11-00A0C91BC942}") = "ParadigmaOOP1_0187(3)", "ParadigmaOOP1_0187(3)\ParadigmaOOP1_0187(3).vcxproj", "{26B3AC8A-C547-4990-BA13-DC5510893306}"
EndProject
Project("{8BC9CEB8-8B4A-11D0-8D11-00A0C91BC942}") = "ParadigmaOOP1_0187(4)", "ParadigmaOOP1_0187(4)\ParadigmaOOP1_0187(4).vcxproj", "{C0FBC11F-368F-4113-BC9C-BEA553E3B2F1}"
EndProject
Project("{8BC9CEB8-8B4A-11D0-8D11-00A0C91BC942}") = "ParadigmaOOP1_0187(5)", "ParadigmaOOP1_0187(5)\ParadigmaOOP1_0187(5).vcxproj", "{8CD32629-DE64-458D-869F-17E0D3A53553}"
EndProject
Global
	GlobalSection(SolutionConfigurationPlatforms) = preSolution
		Debug|x64 = Debug|x64
		Debug|x86 = Debug|x86
		Release|x64 = Release|x64
		Release|x86 = Release|x86
	EndGlobalSection
	GlobalSection(ProjectConfigurationPlatforms) = postSolution
		{E42F58D6-E97C-489A-A149-8800823345B5}.Debug|x64.ActiveCfg = Debug|x64
		{E42F58D6-E97C-489A-A149-8800823345B5}.Debug|x64.Build.0 = Debug|x64
		{E42F58D6-E97C-489A-A149-8800823345B5}.Debug|x86.ActiveCfg = Debug|Win32
		{E42F58D6-E97C-489A-A149-8800823345B5}.Debug|x86.Build.0 = Debug|Win32
		{E42F58D6-E97C-489A-A149-8800823345B5}.Release|x64.ActiveCfg = Release|x64
		{E42F58D6-E97C-489A-A149-8800823345B5}.Release|x64.Build.0 = Release|x64
		{E42F58D6-E97C-489A-A149-8800823345B5}.Release|x86.ActiveCfg = Release|Win32
		{E42F58D6-E97C-489A-A149-8800823345B5}.Release|x86.Build.0 = Release|Win32
		{087B585E-794A-41E2-88B7-C84F9E21A982}.Debug|x64.ActiveCfg = Debug|x64
		{087B585E-794A-41E2-88B7-C84F9E21A982}.Debug|x64.Build.0 = Debug|x64
		{087B585E-794A-41E2-88B7-C84F9E21A982}.Debug|x86.ActiveCfg = Debug|Win32
		{087B585E-794A-41E2-88B7-C84F9E21A982}.Debug|x86.Build.0 = Debug|Win32
		{087B585E-794A-41E2-88B7-C84F9E21A982}.Release|x64.ActiveCfg = Release|x64
		{087B585E-794A-41E2-88B7-C84F9E21A982}.Release|x64.Build.0 = Release|x64
		{087B585E-794A-41E2-88B7-C84F9E21A982}.Release|x86.ActiveCfg = Release|Win32
		{087B585E-794A-41E2-88B7-C84F9E21A982}.Release|x86.Build.0 = Release|Win32
		{26B3AC8A-C547-4990-BA13-DC5510893306}.Debug|x64.ActiveCfg = Debug|x64
		{26B3AC8A-C547-4990-BA13-DC5510893306}.Debug|x64.Build.0 = Debug|x64
		{26B3AC8A-C547-4990-BA13-DC5510893306}.Debug|x86.ActiveCfg = Debug|Win32
		{26B3AC8A-C547-4990-BA13-DC5510893306}.Debug|x86.Build.0 = Debug|Win32
		{26B3AC8A-C547-4990-BA13-DC5510893306}.Release|x64.ActiveCfg = Release|x64
		{26B3AC8A-C547-4990-BA13-DC5510893306}.Release|x64.Build.0 = Release|x64
		{26B3AC8A-C547-4990-BA13-DC5510893306}.Release|x86.ActiveCfg = Release|Win32
		{26B3AC8A-C547-4990-BA13-DC5510893306}.Release|x86.Build.0 = Release|Win32
		{C0FBC11F-368F-4113-BC9C-BEA553E3B2F1}.Debug|x64.ActiveCfg = Debug|x64
		{C0FBC11F-368F-4113-BC9C-BEA553E3B2F1}.Debug|x64.Build.0 = Debug|x64
		{C0FBC11F-368F-4113-BC9C-BEA553E3B2F1}.Debug|x86.ActiveCfg = Debug|Win32
		{C0FBC11F-368F-4113-BC9C-BEA553E3B2F1}.Debug|x86.Build.0 = Debug|Win32
		{C0FBC11F-368F-4113-BC9C-BEA553E3B2F1}.Release|x64.ActiveCfg = Release|x64
		{C0FBC11F-368F-4113-BC9C-BEA553E3B2F1}.Release|x64.Build.0 = Release|x64
		{C0FBC11F-368F-4113-BC9C-BEA553E3B2F1}.Release|x86.ActiveCfg = Release|Win32
		{C0FBC11F-368F-4113-BC9C-BEA553E3B2F1}.Release|x86.Build.0 = Release|Win32
		{8CD32629-DE64-458D-869F-17E0D3A53553}.Debug|x64.ActiveCfg = Debug|x64
		{8CD32629-DE64-458D-869F-17E0D3A53553}.Debug|x64.Build.0 = Debug|x64
		{8CD32629-DE64-458D-869F-17E0D3A53553}.Debug|x86.ActiveCfg = Debug|Win32
		{8CD32629-DE64-458D-869F-17E0D3A53553}.Debug|x86.Build.0 = Debug|Win32
		{8CD32629-DE64-458D-869F-17E0D3A53553}.Release|x64.ActiveCfg = Release|x64
		{8CD32629-DE64-458D-869F-17E0D3A53553}.Release|x64.Build.0 = Release|x64
		{8CD32629-DE64-458D-869F-17E0D3A53553}.Release|x86.ActiveCfg = Release|Win32
		{8CD32629-DE64-458D-869F-17E0D3A53553}.Release|x86.Build.0 = Release|Win32
	EndGlobalSection
	GlobalSection(SolutionProperties) = preSolution
		HideSolutionNode = FALSE
	EndGlobalSection
	GlobalSection(ExtensibilityGlobals) = postSolution
		SolutionGuid = {8C67BA7C-F894-4BE3-BA65-4AD913BBA35A}
	EndGlobalSection
EndGlobal
